// !$*UTF8*$!
{
	archiveVersion = 1;
	classes = {
	};
	objectVersion = 56;
	objects = {

/* Begin PBXBuildFile section */
		01069F182A83641C0003F8F5 /* AccountDetailsScreen.swift in Sources */ = {isa = PBXBuildFile; fileRef = 01069F172A83641C0003F8F5 /* AccountDetailsScreen.swift */; };
		4B393FEA2A7A755100572F66 /* GoogleService-Info.plist in Resources */ = {isa = PBXBuildFile; fileRef = 4B393FE92A7A755100572F66 /* GoogleService-Info.plist */; };
		4B393FF22A7AAA2D00572F66 /* AccountSearch.swift in Sources */ = {isa = PBXBuildFile; fileRef = 4B393FF12A7AAA2D00572F66 /* AccountSearch.swift */; };
		4B393FF42A7AAAF600572F66 /* AccountSearchViewModel.swift in Sources */ = {isa = PBXBuildFile; fileRef = 4B393FF32A7AAAF600572F66 /* AccountSearchViewModel.swift */; };
		4B583BD82A7BBEF2005B97D0 /* TopBar.swift in Sources */ = {isa = PBXBuildFile; fileRef = 4B583BD72A7BBEF2005B97D0 /* TopBar.swift */; };
		4B583BDC2A7BE818005B97D0 /* AccountList.swift in Sources */ = {isa = PBXBuildFile; fileRef = 4B583BDB2A7BE818005B97D0 /* AccountList.swift */; };
		4B583BDE2A7BEB11005B97D0 /* BottomBar.swift in Sources */ = {isa = PBXBuildFile; fileRef = 4B583BDD2A7BEB11005B97D0 /* BottomBar.swift */; };
		6CCA3BABA0A693EB92C9B4C2 /* Pods_SalesSparrowTests.framework in Frameworks */ = {isa = PBXBuildFile; fileRef = CCFD66DA5D9BD43B8402F504 /* Pods_SalesSparrowTests.framework */; };
		6D2CB50B2A77CF570057C73F /* Nunito-ExtraLightItalic.ttf in Resources */ = {isa = PBXBuildFile; fileRef = 6D2CB4FB2A77CF560057C73F /* Nunito-ExtraLightItalic.ttf */; };
		6D2CB50C2A77CF570057C73F /* Nunito-MediumItalic.ttf in Resources */ = {isa = PBXBuildFile; fileRef = 6D2CB4FC2A77CF560057C73F /* Nunito-MediumItalic.ttf */; };
		6D2CB50D2A77CF570057C73F /* Nunito-ExtraBold.ttf in Resources */ = {isa = PBXBuildFile; fileRef = 6D2CB4FD2A77CF560057C73F /* Nunito-ExtraBold.ttf */; };
		6D2CB50E2A77CF570057C73F /* Nunito-SemiBoldItalic.ttf in Resources */ = {isa = PBXBuildFile; fileRef = 6D2CB4FE2A77CF560057C73F /* Nunito-SemiBoldItalic.ttf */; };
		6D2CB50F2A77CF570057C73F /* Nunito-Bold.ttf in Resources */ = {isa = PBXBuildFile; fileRef = 6D2CB4FF2A77CF560057C73F /* Nunito-Bold.ttf */; };
		6D2CB5102A77CF570057C73F /* Nunito-ExtraBoldItalic.ttf in Resources */ = {isa = PBXBuildFile; fileRef = 6D2CB5002A77CF560057C73F /* Nunito-ExtraBoldItalic.ttf */; };
		6D2CB5112A77CF570057C73F /* Nunito-LightItalic.ttf in Resources */ = {isa = PBXBuildFile; fileRef = 6D2CB5012A77CF560057C73F /* Nunito-LightItalic.ttf */; };
		6D2CB5122A77CF570057C73F /* Nunito-Medium.ttf in Resources */ = {isa = PBXBuildFile; fileRef = 6D2CB5022A77CF560057C73F /* Nunito-Medium.ttf */; };
		6D2CB5132A77CF570057C73F /* Nunito-BoldItalic.ttf in Resources */ = {isa = PBXBuildFile; fileRef = 6D2CB5032A77CF560057C73F /* Nunito-BoldItalic.ttf */; };
		6D2CB5142A77CF570057C73F /* Nunito-Light.ttf in Resources */ = {isa = PBXBuildFile; fileRef = 6D2CB5042A77CF560057C73F /* Nunito-Light.ttf */; };
		6D2CB5152A77CF570057C73F /* Nunito-ExtraLight.ttf in Resources */ = {isa = PBXBuildFile; fileRef = 6D2CB5052A77CF570057C73F /* Nunito-ExtraLight.ttf */; };
		6D2CB5162A77CF570057C73F /* Nunito-SemiBold.ttf in Resources */ = {isa = PBXBuildFile; fileRef = 6D2CB5062A77CF570057C73F /* Nunito-SemiBold.ttf */; };
		6D2CB5172A77CF570057C73F /* Nunito-Italic.ttf in Resources */ = {isa = PBXBuildFile; fileRef = 6D2CB5072A77CF570057C73F /* Nunito-Italic.ttf */; };
		6D2CB5182A77CF570057C73F /* Nunito-Regular.ttf in Resources */ = {isa = PBXBuildFile; fileRef = 6D2CB5082A77CF570057C73F /* Nunito-Regular.ttf */; };
		6D2CB5192A77CF570057C73F /* Nunito-Black.ttf in Resources */ = {isa = PBXBuildFile; fileRef = 6D2CB5092A77CF570057C73F /* Nunito-Black.ttf */; };
		6D2CB51A2A77CF570057C73F /* Nunito-BlackItalic.ttf in Resources */ = {isa = PBXBuildFile; fileRef = 6D2CB50A2A77CF570057C73F /* Nunito-BlackItalic.ttf */; };
		6D3E84802A77E83E00E9FB83 /* LoginScreenViewModel.swift in Sources */ = {isa = PBXBuildFile; fileRef = 6D3E847F2A77E83E00E9FB83 /* LoginScreenViewModel.swift */; };
		6D8C7CDA2A779A97005D597E /* SalesSparrowApp.swift in Sources */ = {isa = PBXBuildFile; fileRef = 6D8C7CD92A779A97005D597E /* SalesSparrowApp.swift */; };
		6D8C7CDC2A779A97005D597E /* ContentView.swift in Sources */ = {isa = PBXBuildFile; fileRef = 6D8C7CDB2A779A97005D597E /* ContentView.swift */; };
		6D8C7CDE2A779A99005D597E /* Assets.xcassets in Resources */ = {isa = PBXBuildFile; fileRef = 6D8C7CDD2A779A99005D597E /* Assets.xcassets */; };
		6D8C7CE32A779A99005D597E /* Persistence.swift in Sources */ = {isa = PBXBuildFile; fileRef = 6D8C7CE22A779A99005D597E /* Persistence.swift */; };
		6D8C7CE62A779A99005D597E /* SalesSparrow.xcdatamodeld in Sources */ = {isa = PBXBuildFile; fileRef = 6D8C7CE42A779A99005D597E /* SalesSparrow.xcdatamodeld */; };
		6D8C7CF02A779A9A005D597E /* SalesSparrowTests.swift in Sources */ = {isa = PBXBuildFile; fileRef = 6D8C7CEF2A779A9A005D597E /* SalesSparrowTests.swift */; };
		6D8C7CFA2A779A9A005D597E /* SalesSparrowUITests.swift in Sources */ = {isa = PBXBuildFile; fileRef = 6D8C7CF92A779A9A005D597E /* SalesSparrowUITests.swift */; };
		6D8C7CFC2A779A9A005D597E /* SalesSparrowUITestsLaunchTests.swift in Sources */ = {isa = PBXBuildFile; fileRef = 6D8C7CFB2A779A9A005D597E /* SalesSparrowUITestsLaunchTests.swift */; };
		6D8C7D0B2A779CE0005D597E /* Environments_Sample.swift in Sources */ = {isa = PBXBuildFile; fileRef = 6D8C7D0A2A779CE0005D597E /* Environments_Sample.swift */; };
		6D8C7D0D2A779D14005D597E /* Environments.swift in Sources */ = {isa = PBXBuildFile; fileRef = 6D8C7D0C2A779D14005D597E /* Environments.swift */; };
		6D8C7D0F2A779E97005D597E /* AppDelegate.swift in Sources */ = {isa = PBXBuildFile; fileRef = 6D8C7D0E2A779E97005D597E /* AppDelegate.swift */; };
		6D8C7D122A779ECD005D597E /* ListViewModel.swift in Sources */ = {isa = PBXBuildFile; fileRef = 6D8C7D112A779ECD005D597E /* ListViewModel.swift */; };
		6D8C7D162A779F0C005D597E /* ListView.swift in Sources */ = {isa = PBXBuildFile; fileRef = 6D8C7D152A779F0C005D597E /* ListView.swift */; };
		6D8C7D182A779F37005D597E /* ListElementView.swift in Sources */ = {isa = PBXBuildFile; fileRef = 6D8C7D172A779F37005D597E /* ListElementView.swift */; };
		6D8C7D1A2A779F95005D597E /* ExpandableTextView.swift in Sources */ = {isa = PBXBuildFile; fileRef = 6D8C7D192A779F95005D597E /* ExpandableTextView.swift */; };
		6D8C7D1C2A77A057005D597E /* DateTimePicker.swift in Sources */ = {isa = PBXBuildFile; fileRef = 6D8C7D1B2A77A057005D597E /* DateTimePicker.swift */; };
		6D8C7D1F2A77A07F005D597E /* BasicHelper.swift in Sources */ = {isa = PBXBuildFile; fileRef = 6D8C7D1E2A77A07F005D597E /* BasicHelper.swift */; };
		6D8C7D212A77A09F005D597E /* ColorExtension.swift in Sources */ = {isa = PBXBuildFile; fileRef = 6D8C7D202A77A09F005D597E /* ColorExtension.swift */; };
		6D8C7D262A77A0EE005D597E /* BaseEntity.swift in Sources */ = {isa = PBXBuildFile; fileRef = 6D8C7D252A77A0EE005D597E /* BaseEntity.swift */; };
		6D8C7D282A77A111005D597E /* MetaEntity.swift in Sources */ = {isa = PBXBuildFile; fileRef = 6D8C7D272A77A111005D597E /* MetaEntity.swift */; };
		6D8C7D2A2A77A12B005D597E /* BaseRepository.swift in Sources */ = {isa = PBXBuildFile; fileRef = 6D8C7D292A77A12B005D597E /* BaseRepository.swift */; };
		6D8C7D2C2A77A142005D597E /* TaskRepository.swift in Sources */ = {isa = PBXBuildFile; fileRef = 6D8C7D2B2A77A142005D597E /* TaskRepository.swift */; };
		6D8C7D2F2A77A196005D597E /* Tasks+CoreDataClass.swift in Sources */ = {isa = PBXBuildFile; fileRef = 6D8C7D2E2A77A196005D597E /* Tasks+CoreDataClass.swift */; };
		6D8C7D312A77A1C5005D597E /* Tasks+CoreDataProperties.swift in Sources */ = {isa = PBXBuildFile; fileRef = 6D8C7D302A77A1C5005D597E /* Tasks+CoreDataProperties.swift */; };
		6D8C7D332A77A1E5005D597E /* ApiService.swift in Sources */ = {isa = PBXBuildFile; fileRef = 6D8C7D322A77A1E5005D597E /* ApiService.swift */; };
		6D8C7D352A77A22F005D597E /* ApiHelper.swift in Sources */ = {isa = PBXBuildFile; fileRef = 6D8C7D342A77A22F005D597E /* ApiHelper.swift */; };
		6D8C7D382A77A254005D597E /* ApiError.swift in Sources */ = {isa = PBXBuildFile; fileRef = 6D8C7D372A77A254005D597E /* ApiError.swift */; };
		6DBB506B2A77A45F00B58F88 /* LICENSE in Resources */ = {isa = PBXBuildFile; fileRef = 6DBB506A2A77A45E00B58F88 /* LICENSE */; };
		6DBB506D2A77A47200B58F88 /* CODE_OF_CONDUCT.md in Resources */ = {isa = PBXBuildFile; fileRef = 6DBB506C2A77A47200B58F88 /* CODE_OF_CONDUCT.md */; };
		6DBB506F2A77A49400B58F88 /* CONTRIBUTING.md in Resources */ = {isa = PBXBuildFile; fileRef = 6DBB506E2A77A49400B58F88 /* CONTRIBUTING.md */; };
		6DBB50732A77A69100B58F88 /* BaseRepositortTests.swift in Sources */ = {isa = PBXBuildFile; fileRef = 6DBB50722A77A69100B58F88 /* BaseRepositortTests.swift */; };
		6DBB507A2A77C58300B58F88 /* LoginScreen.swift in Sources */ = {isa = PBXBuildFile; fileRef = 6DBB50782A77C05800B58F88 /* LoginScreen.swift */; };
		6DC332C52A7CE3FA00FD5767 /* FirebaseCrashlytics in Frameworks */ = {isa = PBXBuildFile; productRef = 6DC332C42A7CE3FA00FD5767 /* FirebaseCrashlytics */; };
		6DC332C72A7CE40400FD5767 /* FirebaseCrashlytics in Frameworks */ = {isa = PBXBuildFile; productRef = 6DC332C62A7CE40400FD5767 /* FirebaseCrashlytics */; };
		6DC43C4B2A78EC01002162FE /* TermsBottomStrip.swift in Sources */ = {isa = PBXBuildFile; fileRef = 6DC43C4A2A78EC01002162FE /* TermsBottomStrip.swift */; };
		6DC43C502A7A4B86002162FE /* FirebaseCrashlytics in Frameworks */ = {isa = PBXBuildFile; productRef = 6DC43C4F2A7A4B86002162FE /* FirebaseCrashlytics */; };
		6DC43C522A7A69E1002162FE /* DeviceSettingManager.swift in Sources */ = {isa = PBXBuildFile; fileRef = 6DC43C512A7A69E0002162FE /* DeviceSettingManager.swift */; };
		6DC43C542A7A8CF8002162FE /* UserStateViewModel.swift in Sources */ = {isa = PBXBuildFile; fileRef = 6DC43C532A7A8CF8002162FE /* UserStateViewModel.swift */; };
		6DC43C562A7A909E002162FE /* CreateNoteScreen.swift in Sources */ = {isa = PBXBuildFile; fileRef = 6DC43C552A7A909E002162FE /* CreateNoteScreen.swift */; };
		6DC43C582A7B802D002162FE /* HomeScreen.swift in Sources */ = {isa = PBXBuildFile; fileRef = 6DC43C572A7B802D002162FE /* HomeScreen.swift */; };
		6DC43C5A2A7B8A68002162FE /* CreateNoteScreenViewModel.swift in Sources */ = {isa = PBXBuildFile; fileRef = 6DC43C592A7B8A68002162FE /* CreateNoteScreenViewModel.swift */; };
		6DD618B22A80E504007FA929 /* MockResponse.swift in Sources */ = {isa = PBXBuildFile; fileRef = 6DD618B12A80E504007FA929 /* MockResponse.swift */; };
		6DD618B32A80E504007FA929 /* MockResponse.swift in Sources */ = {isa = PBXBuildFile; fileRef = 6DD618B12A80E504007FA929 /* MockResponse.swift */; };
		6DD618B42A80E504007FA929 /* MockResponse.swift in Sources */ = {isa = PBXBuildFile; fileRef = 6DD618B12A80E504007FA929 /* MockResponse.swift */; };
		6DD618B52A80EB10007FA929 /* Environments.swift in Sources */ = {isa = PBXBuildFile; fileRef = 6D8C7D0C2A779D14005D597E /* Environments.swift */; };
		6DD618B62A80EB11007FA929 /* Environments.swift in Sources */ = {isa = PBXBuildFile; fileRef = 6D8C7D0C2A779D14005D597E /* Environments.swift */; };
		6DE11C842A8283AE00D27006 /* Toast.swift in Sources */ = {isa = PBXBuildFile; fileRef = 6DE11C832A8283AE00D27006 /* Toast.swift */; };
		6DE11C862A8283EF00D27006 /* ToastView.swift in Sources */ = {isa = PBXBuildFile; fileRef = 6DE11C852A8283EF00D27006 /* ToastView.swift */; };
		6DE11C882A82842100D27006 /* ToastModifier.swift in Sources */ = {isa = PBXBuildFile; fileRef = 6DE11C872A82842100D27006 /* ToastModifier.swift */; };
		6DE11C8A2A82845B00D27006 /* ViewExtension.swift in Sources */ = {isa = PBXBuildFile; fileRef = 6DE11C892A82845B00D27006 /* ViewExtension.swift */; };
		6DE11C8C2A8361F000D27006 /* UIScreenExtension.swift in Sources */ = {isa = PBXBuildFile; fileRef = 6DE11C8B2A8361F000D27006 /* UIScreenExtension.swift */; };
		6DE11C8E2A836E5900D27006 /* ToastViewModel.swift in Sources */ = {isa = PBXBuildFile; fileRef = 6DE11C8D2A836E5900D27006 /* ToastViewModel.swift */; };
		A97561513E5508D62A2D5E4C /* Pods_SalesSparrow_SalesSparrowUITests.framework in Frameworks */ = {isa = PBXBuildFile; fileRef = 6A561769BF628419998C917E /* Pods_SalesSparrow_SalesSparrowUITests.framework */; };
		C437CE5A3DFBB0B0D45D330A /* Pods_SalesSparrow.framework in Frameworks */ = {isa = PBXBuildFile; fileRef = 216D9F06D488828BC1022AFD /* Pods_SalesSparrow.framework */; };
/* End PBXBuildFile section */

/* Begin PBXContainerItemProxy section */
		6D8C7CEC2A779A9A005D597E /* PBXContainerItemProxy */ = {
			isa = PBXContainerItemProxy;
			containerPortal = 6D8C7CCE2A779A97005D597E /* Project object */;
			proxyType = 1;
			remoteGlobalIDString = 6D8C7CD52A779A97005D597E;
			remoteInfo = SalesSparrow;
		};
		6D8C7CF62A779A9A005D597E /* PBXContainerItemProxy */ = {
			isa = PBXContainerItemProxy;
			containerPortal = 6D8C7CCE2A779A97005D597E /* Project object */;
			proxyType = 1;
			remoteGlobalIDString = 6D8C7CD52A779A97005D597E;
			remoteInfo = SalesSparrow;
		};
/* End PBXContainerItemProxy section */

/* Begin PBXFileReference section */
		01069F172A83641C0003F8F5 /* AccountDetailsScreen.swift */ = {isa = PBXFileReference; lastKnownFileType = sourcecode.swift; path = AccountDetailsScreen.swift; sourceTree = "<group>"; };
		11C28B9A7C622812E3FDFC07 /* Pods-SalesSparrowTests.debug.xcconfig */ = {isa = PBXFileReference; includeInIndex = 1; lastKnownFileType = text.xcconfig; name = "Pods-SalesSparrowTests.debug.xcconfig"; path = "Target Support Files/Pods-SalesSparrowTests/Pods-SalesSparrowTests.debug.xcconfig"; sourceTree = "<group>"; };
		216D9F06D488828BC1022AFD /* Pods_SalesSparrow.framework */ = {isa = PBXFileReference; explicitFileType = wrapper.framework; includeInIndex = 0; path = Pods_SalesSparrow.framework; sourceTree = BUILT_PRODUCTS_DIR; };
		2B4F1FDE360243CED55CFB69 /* Pods-SalesSparrow.release.xcconfig */ = {isa = PBXFileReference; includeInIndex = 1; lastKnownFileType = text.xcconfig; name = "Pods-SalesSparrow.release.xcconfig"; path = "Target Support Files/Pods-SalesSparrow/Pods-SalesSparrow.release.xcconfig"; sourceTree = "<group>"; };
		4B393FE92A7A755100572F66 /* GoogleService-Info.plist */ = {isa = PBXFileReference; fileEncoding = 4; lastKnownFileType = text.plist.xml; path = "GoogleService-Info.plist"; sourceTree = "<group>"; };
		4B393FF12A7AAA2D00572F66 /* AccountSearch.swift */ = {isa = PBXFileReference; lastKnownFileType = sourcecode.swift; path = AccountSearch.swift; sourceTree = "<group>"; wrapsLines = 1; };
		4B393FF32A7AAAF600572F66 /* AccountSearchViewModel.swift */ = {isa = PBXFileReference; lastKnownFileType = sourcecode.swift; path = AccountSearchViewModel.swift; sourceTree = "<group>"; };
		4B583BD72A7BBEF2005B97D0 /* TopBar.swift */ = {isa = PBXFileReference; lastKnownFileType = sourcecode.swift; path = TopBar.swift; sourceTree = "<group>"; };
		4B583BDB2A7BE818005B97D0 /* AccountList.swift */ = {isa = PBXFileReference; lastKnownFileType = sourcecode.swift; path = AccountList.swift; sourceTree = "<group>"; };
		4B583BDD2A7BEB11005B97D0 /* BottomBar.swift */ = {isa = PBXFileReference; lastKnownFileType = sourcecode.swift; path = BottomBar.swift; sourceTree = "<group>"; };
		53DA3CE34E5D5B9A7563E443 /* Pods-SalesSparrow-SalesSparrowUITests.debug.xcconfig */ = {isa = PBXFileReference; includeInIndex = 1; lastKnownFileType = text.xcconfig; name = "Pods-SalesSparrow-SalesSparrowUITests.debug.xcconfig"; path = "Target Support Files/Pods-SalesSparrow-SalesSparrowUITests/Pods-SalesSparrow-SalesSparrowUITests.debug.xcconfig"; sourceTree = "<group>"; };
		6A561769BF628419998C917E /* Pods_SalesSparrow_SalesSparrowUITests.framework */ = {isa = PBXFileReference; explicitFileType = wrapper.framework; includeInIndex = 0; path = Pods_SalesSparrow_SalesSparrowUITests.framework; sourceTree = BUILT_PRODUCTS_DIR; };
		6D2CB4FB2A77CF560057C73F /* Nunito-ExtraLightItalic.ttf */ = {isa = PBXFileReference; lastKnownFileType = file; path = "Nunito-ExtraLightItalic.ttf"; sourceTree = "<group>"; };
		6D2CB4FC2A77CF560057C73F /* Nunito-MediumItalic.ttf */ = {isa = PBXFileReference; lastKnownFileType = file; path = "Nunito-MediumItalic.ttf"; sourceTree = "<group>"; };
		6D2CB4FD2A77CF560057C73F /* Nunito-ExtraBold.ttf */ = {isa = PBXFileReference; lastKnownFileType = file; path = "Nunito-ExtraBold.ttf"; sourceTree = "<group>"; };
		6D2CB4FE2A77CF560057C73F /* Nunito-SemiBoldItalic.ttf */ = {isa = PBXFileReference; lastKnownFileType = file; path = "Nunito-SemiBoldItalic.ttf"; sourceTree = "<group>"; };
		6D2CB4FF2A77CF560057C73F /* Nunito-Bold.ttf */ = {isa = PBXFileReference; lastKnownFileType = file; path = "Nunito-Bold.ttf"; sourceTree = "<group>"; };
		6D2CB5002A77CF560057C73F /* Nunito-ExtraBoldItalic.ttf */ = {isa = PBXFileReference; lastKnownFileType = file; path = "Nunito-ExtraBoldItalic.ttf"; sourceTree = "<group>"; };
		6D2CB5012A77CF560057C73F /* Nunito-LightItalic.ttf */ = {isa = PBXFileReference; lastKnownFileType = file; path = "Nunito-LightItalic.ttf"; sourceTree = "<group>"; };
		6D2CB5022A77CF560057C73F /* Nunito-Medium.ttf */ = {isa = PBXFileReference; lastKnownFileType = file; path = "Nunito-Medium.ttf"; sourceTree = "<group>"; };
		6D2CB5032A77CF560057C73F /* Nunito-BoldItalic.ttf */ = {isa = PBXFileReference; lastKnownFileType = file; path = "Nunito-BoldItalic.ttf"; sourceTree = "<group>"; };
		6D2CB5042A77CF560057C73F /* Nunito-Light.ttf */ = {isa = PBXFileReference; lastKnownFileType = file; path = "Nunito-Light.ttf"; sourceTree = "<group>"; };
		6D2CB5052A77CF570057C73F /* Nunito-ExtraLight.ttf */ = {isa = PBXFileReference; lastKnownFileType = file; path = "Nunito-ExtraLight.ttf"; sourceTree = "<group>"; };
		6D2CB5062A77CF570057C73F /* Nunito-SemiBold.ttf */ = {isa = PBXFileReference; lastKnownFileType = file; path = "Nunito-SemiBold.ttf"; sourceTree = "<group>"; };
		6D2CB5072A77CF570057C73F /* Nunito-Italic.ttf */ = {isa = PBXFileReference; lastKnownFileType = file; path = "Nunito-Italic.ttf"; sourceTree = "<group>"; };
		6D2CB5082A77CF570057C73F /* Nunito-Regular.ttf */ = {isa = PBXFileReference; lastKnownFileType = file; path = "Nunito-Regular.ttf"; sourceTree = "<group>"; };
		6D2CB5092A77CF570057C73F /* Nunito-Black.ttf */ = {isa = PBXFileReference; lastKnownFileType = file; path = "Nunito-Black.ttf"; sourceTree = "<group>"; };
		6D2CB50A2A77CF570057C73F /* Nunito-BlackItalic.ttf */ = {isa = PBXFileReference; lastKnownFileType = file; path = "Nunito-BlackItalic.ttf"; sourceTree = "<group>"; };
		6D3E847F2A77E83E00E9FB83 /* LoginScreenViewModel.swift */ = {isa = PBXFileReference; lastKnownFileType = sourcecode.swift; path = LoginScreenViewModel.swift; sourceTree = "<group>"; };
		6D8C7CD62A779A97005D597E /* SalesSparrow.app */ = {isa = PBXFileReference; explicitFileType = wrapper.application; includeInIndex = 0; path = SalesSparrow.app; sourceTree = BUILT_PRODUCTS_DIR; };
		6D8C7CD92A779A97005D597E /* SalesSparrowApp.swift */ = {isa = PBXFileReference; lastKnownFileType = sourcecode.swift; path = SalesSparrowApp.swift; sourceTree = "<group>"; };
		6D8C7CDB2A779A97005D597E /* ContentView.swift */ = {isa = PBXFileReference; lastKnownFileType = sourcecode.swift; path = ContentView.swift; sourceTree = "<group>"; };
		6D8C7CDD2A779A99005D597E /* Assets.xcassets */ = {isa = PBXFileReference; lastKnownFileType = folder.assetcatalog; path = Assets.xcassets; sourceTree = "<group>"; };
		6D8C7CE22A779A99005D597E /* Persistence.swift */ = {isa = PBXFileReference; lastKnownFileType = sourcecode.swift; path = Persistence.swift; sourceTree = "<group>"; };
		6D8C7CE52A779A99005D597E /* SalesSparrow.xcdatamodel */ = {isa = PBXFileReference; lastKnownFileType = wrapper.xcdatamodel; path = SalesSparrow.xcdatamodel; sourceTree = "<group>"; };
		6D8C7CEB2A779A9A005D597E /* SalesSparrowTests.xctest */ = {isa = PBXFileReference; explicitFileType = wrapper.cfbundle; includeInIndex = 0; path = SalesSparrowTests.xctest; sourceTree = BUILT_PRODUCTS_DIR; };
		6D8C7CEF2A779A9A005D597E /* SalesSparrowTests.swift */ = {isa = PBXFileReference; lastKnownFileType = sourcecode.swift; path = SalesSparrowTests.swift; sourceTree = "<group>"; };
		6D8C7CF52A779A9A005D597E /* SalesSparrowUITests.xctest */ = {isa = PBXFileReference; explicitFileType = wrapper.cfbundle; includeInIndex = 0; path = SalesSparrowUITests.xctest; sourceTree = BUILT_PRODUCTS_DIR; };
		6D8C7CF92A779A9A005D597E /* SalesSparrowUITests.swift */ = {isa = PBXFileReference; lastKnownFileType = sourcecode.swift; path = SalesSparrowUITests.swift; sourceTree = "<group>"; };
		6D8C7CFB2A779A9A005D597E /* SalesSparrowUITestsLaunchTests.swift */ = {isa = PBXFileReference; lastKnownFileType = sourcecode.swift; path = SalesSparrowUITestsLaunchTests.swift; sourceTree = "<group>"; };
		6D8C7D0A2A779CE0005D597E /* Environments_Sample.swift */ = {isa = PBXFileReference; lastKnownFileType = sourcecode.swift; path = Environments_Sample.swift; sourceTree = "<group>"; };
		6D8C7D0C2A779D14005D597E /* Environments.swift */ = {isa = PBXFileReference; lastKnownFileType = sourcecode.swift; path = Environments.swift; sourceTree = "<group>"; };
		6D8C7D0E2A779E97005D597E /* AppDelegate.swift */ = {isa = PBXFileReference; lastKnownFileType = sourcecode.swift; path = AppDelegate.swift; sourceTree = "<group>"; };
		6D8C7D112A779ECD005D597E /* ListViewModel.swift */ = {isa = PBXFileReference; lastKnownFileType = sourcecode.swift; path = ListViewModel.swift; sourceTree = "<group>"; };
		6D8C7D152A779F0C005D597E /* ListView.swift */ = {isa = PBXFileReference; lastKnownFileType = sourcecode.swift; path = ListView.swift; sourceTree = "<group>"; };
		6D8C7D172A779F37005D597E /* ListElementView.swift */ = {isa = PBXFileReference; lastKnownFileType = sourcecode.swift; path = ListElementView.swift; sourceTree = "<group>"; };
		6D8C7D192A779F95005D597E /* ExpandableTextView.swift */ = {isa = PBXFileReference; lastKnownFileType = sourcecode.swift; path = ExpandableTextView.swift; sourceTree = "<group>"; };
		6D8C7D1B2A77A057005D597E /* DateTimePicker.swift */ = {isa = PBXFileReference; lastKnownFileType = sourcecode.swift; path = DateTimePicker.swift; sourceTree = "<group>"; };
		6D8C7D1E2A77A07F005D597E /* BasicHelper.swift */ = {isa = PBXFileReference; lastKnownFileType = sourcecode.swift; path = BasicHelper.swift; sourceTree = "<group>"; };
		6D8C7D202A77A09F005D597E /* ColorExtension.swift */ = {isa = PBXFileReference; lastKnownFileType = sourcecode.swift; path = ColorExtension.swift; sourceTree = "<group>"; };
		6D8C7D252A77A0EE005D597E /* BaseEntity.swift */ = {isa = PBXFileReference; lastKnownFileType = sourcecode.swift; path = BaseEntity.swift; sourceTree = "<group>"; };
		6D8C7D272A77A111005D597E /* MetaEntity.swift */ = {isa = PBXFileReference; lastKnownFileType = sourcecode.swift; path = MetaEntity.swift; sourceTree = "<group>"; };
		6D8C7D292A77A12B005D597E /* BaseRepository.swift */ = {isa = PBXFileReference; lastKnownFileType = sourcecode.swift; path = BaseRepository.swift; sourceTree = "<group>"; };
		6D8C7D2B2A77A142005D597E /* TaskRepository.swift */ = {isa = PBXFileReference; lastKnownFileType = sourcecode.swift; path = TaskRepository.swift; sourceTree = "<group>"; };
		6D8C7D2E2A77A196005D597E /* Tasks+CoreDataClass.swift */ = {isa = PBXFileReference; lastKnownFileType = sourcecode.swift; path = "Tasks+CoreDataClass.swift"; sourceTree = "<group>"; };
		6D8C7D302A77A1C5005D597E /* Tasks+CoreDataProperties.swift */ = {isa = PBXFileReference; lastKnownFileType = sourcecode.swift; path = "Tasks+CoreDataProperties.swift"; sourceTree = "<group>"; };
		6D8C7D322A77A1E5005D597E /* ApiService.swift */ = {isa = PBXFileReference; lastKnownFileType = sourcecode.swift; path = ApiService.swift; sourceTree = "<group>"; };
		6D8C7D342A77A22F005D597E /* ApiHelper.swift */ = {isa = PBXFileReference; lastKnownFileType = sourcecode.swift; path = ApiHelper.swift; sourceTree = "<group>"; };
		6D8C7D372A77A254005D597E /* ApiError.swift */ = {isa = PBXFileReference; lastKnownFileType = sourcecode.swift; path = ApiError.swift; sourceTree = "<group>"; };
		6DBB50682A77A30500B58F88 /* Info.plist */ = {isa = PBXFileReference; lastKnownFileType = text.plist; path = Info.plist; sourceTree = "<group>"; };
		6DBB50692A77A41600B58F88 /* SalesSparrow.entitlements */ = {isa = PBXFileReference; lastKnownFileType = text.plist.entitlements; path = SalesSparrow.entitlements; sourceTree = "<group>"; };
		6DBB506A2A77A45E00B58F88 /* LICENSE */ = {isa = PBXFileReference; fileEncoding = 4; lastKnownFileType = text; path = LICENSE; sourceTree = "<group>"; };
		6DBB506C2A77A47200B58F88 /* CODE_OF_CONDUCT.md */ = {isa = PBXFileReference; fileEncoding = 4; lastKnownFileType = net.daringfireball.markdown; path = CODE_OF_CONDUCT.md; sourceTree = "<group>"; };
		6DBB506E2A77A49400B58F88 /* CONTRIBUTING.md */ = {isa = PBXFileReference; fileEncoding = 4; lastKnownFileType = net.daringfireball.markdown; path = CONTRIBUTING.md; sourceTree = "<group>"; };
		6DBB50722A77A69100B58F88 /* BaseRepositortTests.swift */ = {isa = PBXFileReference; lastKnownFileType = sourcecode.swift; path = BaseRepositortTests.swift; sourceTree = "<group>"; };
		6DBB50782A77C05800B58F88 /* LoginScreen.swift */ = {isa = PBXFileReference; lastKnownFileType = sourcecode.swift; path = LoginScreen.swift; sourceTree = "<group>"; };
		6DC43C4A2A78EC01002162FE /* TermsBottomStrip.swift */ = {isa = PBXFileReference; lastKnownFileType = sourcecode.swift; path = TermsBottomStrip.swift; sourceTree = "<group>"; };
		6DC43C512A7A69E0002162FE /* DeviceSettingManager.swift */ = {isa = PBXFileReference; lastKnownFileType = sourcecode.swift; path = DeviceSettingManager.swift; sourceTree = "<group>"; };
		6DC43C532A7A8CF8002162FE /* UserStateViewModel.swift */ = {isa = PBXFileReference; lastKnownFileType = sourcecode.swift; path = UserStateViewModel.swift; sourceTree = "<group>"; };
		6DC43C552A7A909E002162FE /* CreateNoteScreen.swift */ = {isa = PBXFileReference; lastKnownFileType = sourcecode.swift; path = CreateNoteScreen.swift; sourceTree = "<group>"; };
		6DC43C572A7B802D002162FE /* HomeScreen.swift */ = {isa = PBXFileReference; lastKnownFileType = sourcecode.swift; path = HomeScreen.swift; sourceTree = "<group>"; };
		6DC43C592A7B8A68002162FE /* CreateNoteScreenViewModel.swift */ = {isa = PBXFileReference; lastKnownFileType = sourcecode.swift; path = CreateNoteScreenViewModel.swift; sourceTree = "<group>"; };
		6DD618B12A80E504007FA929 /* MockResponse.swift */ = {isa = PBXFileReference; lastKnownFileType = sourcecode.swift; path = MockResponse.swift; sourceTree = "<group>"; };
		6DE11C832A8283AE00D27006 /* Toast.swift */ = {isa = PBXFileReference; lastKnownFileType = sourcecode.swift; path = Toast.swift; sourceTree = "<group>"; };
		6DE11C852A8283EF00D27006 /* ToastView.swift */ = {isa = PBXFileReference; lastKnownFileType = sourcecode.swift; path = ToastView.swift; sourceTree = "<group>"; };
		6DE11C872A82842100D27006 /* ToastModifier.swift */ = {isa = PBXFileReference; lastKnownFileType = sourcecode.swift; path = ToastModifier.swift; sourceTree = "<group>"; };
		6DE11C892A82845B00D27006 /* ViewExtension.swift */ = {isa = PBXFileReference; lastKnownFileType = sourcecode.swift; path = ViewExtension.swift; sourceTree = "<group>"; };
		6DE11C8B2A8361F000D27006 /* UIScreenExtension.swift */ = {isa = PBXFileReference; lastKnownFileType = sourcecode.swift; path = UIScreenExtension.swift; sourceTree = "<group>"; };
		6DE11C8D2A836E5900D27006 /* ToastViewModel.swift */ = {isa = PBXFileReference; lastKnownFileType = sourcecode.swift; path = ToastViewModel.swift; sourceTree = "<group>"; };
		884DE3337F29F734C43B6ED4 /* Pods-SalesSparrowTests.release.xcconfig */ = {isa = PBXFileReference; includeInIndex = 1; lastKnownFileType = text.xcconfig; name = "Pods-SalesSparrowTests.release.xcconfig"; path = "Target Support Files/Pods-SalesSparrowTests/Pods-SalesSparrowTests.release.xcconfig"; sourceTree = "<group>"; };
		AD2704B5DE5C503B42A9F4E3 /* Pods-SalesSparrow.debug.xcconfig */ = {isa = PBXFileReference; includeInIndex = 1; lastKnownFileType = text.xcconfig; name = "Pods-SalesSparrow.debug.xcconfig"; path = "Target Support Files/Pods-SalesSparrow/Pods-SalesSparrow.debug.xcconfig"; sourceTree = "<group>"; };
		CCFD66DA5D9BD43B8402F504 /* Pods_SalesSparrowTests.framework */ = {isa = PBXFileReference; explicitFileType = wrapper.framework; includeInIndex = 0; path = Pods_SalesSparrowTests.framework; sourceTree = BUILT_PRODUCTS_DIR; };
		D89257A2A4E11A7F0C6785D9 /* Pods-SalesSparrow-SalesSparrowUITests.release.xcconfig */ = {isa = PBXFileReference; includeInIndex = 1; lastKnownFileType = text.xcconfig; name = "Pods-SalesSparrow-SalesSparrowUITests.release.xcconfig"; path = "Target Support Files/Pods-SalesSparrow-SalesSparrowUITests/Pods-SalesSparrow-SalesSparrowUITests.release.xcconfig"; sourceTree = "<group>"; };
/* End PBXFileReference section */

/* Begin PBXFrameworksBuildPhase section */
		6D8C7CD32A779A97005D597E /* Frameworks */ = {
			isa = PBXFrameworksBuildPhase;
			buildActionMask = 2147483647;
			files = (
				C437CE5A3DFBB0B0D45D330A /* Pods_SalesSparrow.framework in Frameworks */,
				6DC43C502A7A4B86002162FE /* FirebaseCrashlytics in Frameworks */,
			);
			runOnlyForDeploymentPostprocessing = 0;
		};
		6D8C7CE82A779A9A005D597E /* Frameworks */ = {
			isa = PBXFrameworksBuildPhase;
			buildActionMask = 2147483647;
			files = (
				6CCA3BABA0A693EB92C9B4C2 /* Pods_SalesSparrowTests.framework in Frameworks */,
				6DC332C72A7CE40400FD5767 /* FirebaseCrashlytics in Frameworks */,
			);
			runOnlyForDeploymentPostprocessing = 0;
		};
		6D8C7CF22A779A9A005D597E /* Frameworks */ = {
			isa = PBXFrameworksBuildPhase;
			buildActionMask = 2147483647;
			files = (
				A97561513E5508D62A2D5E4C /* Pods_SalesSparrow_SalesSparrowUITests.framework in Frameworks */,
				6DC332C52A7CE3FA00FD5767 /* FirebaseCrashlytics in Frameworks */,
			);
			runOnlyForDeploymentPostprocessing = 0;
		};
/* End PBXFrameworksBuildPhase section */

/* Begin PBXGroup section */
		28E3D4ECA8B04D775986C988 /* Pods */ = {
			isa = PBXGroup;
			children = (
				AD2704B5DE5C503B42A9F4E3 /* Pods-SalesSparrow.debug.xcconfig */,
				2B4F1FDE360243CED55CFB69 /* Pods-SalesSparrow.release.xcconfig */,
				53DA3CE34E5D5B9A7563E443 /* Pods-SalesSparrow-SalesSparrowUITests.debug.xcconfig */,
				D89257A2A4E11A7F0C6785D9 /* Pods-SalesSparrow-SalesSparrowUITests.release.xcconfig */,
				11C28B9A7C622812E3FDFC07 /* Pods-SalesSparrowTests.debug.xcconfig */,
				884DE3337F29F734C43B6ED4 /* Pods-SalesSparrowTests.release.xcconfig */,
			);
			path = Pods;
			sourceTree = "<group>";
		};
		4B393FEB2A7A88BE00572F66 /* HomeScreen */ = {
			isa = PBXGroup;
			children = (
				4B393FF12A7AAA2D00572F66 /* AccountSearch.swift */,
				4B583BD72A7BBEF2005B97D0 /* TopBar.swift */,
				4B583BDB2A7BE818005B97D0 /* AccountList.swift */,
				4B583BDD2A7BEB11005B97D0 /* BottomBar.swift */,
			);
			path = HomeScreen;
			sourceTree = "<group>";
		};
		6D2CB4FA2A77CF410057C73F /* Fonts */ = {
			isa = PBXGroup;
			children = (
				6D2CB5092A77CF570057C73F /* Nunito-Black.ttf */,
				6D2CB50A2A77CF570057C73F /* Nunito-BlackItalic.ttf */,
				6D2CB4FF2A77CF560057C73F /* Nunito-Bold.ttf */,
				6D2CB5032A77CF560057C73F /* Nunito-BoldItalic.ttf */,
				6D2CB4FD2A77CF560057C73F /* Nunito-ExtraBold.ttf */,
				6D2CB5002A77CF560057C73F /* Nunito-ExtraBoldItalic.ttf */,
				6D2CB5052A77CF570057C73F /* Nunito-ExtraLight.ttf */,
				6D2CB4FB2A77CF560057C73F /* Nunito-ExtraLightItalic.ttf */,
				6D2CB5072A77CF570057C73F /* Nunito-Italic.ttf */,
				6D2CB5042A77CF560057C73F /* Nunito-Light.ttf */,
				6D2CB5012A77CF560057C73F /* Nunito-LightItalic.ttf */,
				6D2CB5022A77CF560057C73F /* Nunito-Medium.ttf */,
				6D2CB4FC2A77CF560057C73F /* Nunito-MediumItalic.ttf */,
				6D2CB5082A77CF570057C73F /* Nunito-Regular.ttf */,
				6D2CB5062A77CF570057C73F /* Nunito-SemiBold.ttf */,
				6D2CB4FE2A77CF560057C73F /* Nunito-SemiBoldItalic.ttf */,
			);
			path = Fonts;
			sourceTree = "<group>";
		};
		6D8C7CCD2A779A97005D597E = {
			isa = PBXGroup;
			children = (
				6D2CB4FA2A77CF410057C73F /* Fonts */,
				6DBB50772A77C04200B58F88 /* Screen */,
				6D8C7D222A77A0B1005D597E /* Model */,
				6D8C7D1D2A77A06F005D597E /* Utils */,
				6D8C7D132A779EF3005D597E /* Components */,
				6D8C7D102A779EBC005D597E /* ViewModel */,
				6D8C7D092A779CBB005D597E /* Constants */,
				6D8C7D082A779C0A005D597E /* CoreData */,
				6D8C7CDB2A779A97005D597E /* ContentView.swift */,
				6D8C7D0E2A779E97005D597E /* AppDelegate.swift */,
				6D8C7CDD2A779A99005D597E /* Assets.xcassets */,
				6DBB506E2A77A49400B58F88 /* CONTRIBUTING.md */,
				6DBB506C2A77A47200B58F88 /* CODE_OF_CONDUCT.md */,
				6DBB506A2A77A45E00B58F88 /* LICENSE */,
				6D8C7CD82A779A97005D597E /* SalesSparrow */,
				6D8C7CEE2A779A9A005D597E /* SalesSparrowTests */,
				6D8C7CF82A779A9A005D597E /* SalesSparrowUITests */,
				6D8C7CD72A779A97005D597E /* Products */,
				28E3D4ECA8B04D775986C988 /* Pods */,
				DD0CC12E1C80EEB530D405BD /* Frameworks */,
			);
			sourceTree = "<group>";
		};
		6D8C7CD72A779A97005D597E /* Products */ = {
			isa = PBXGroup;
			children = (
				6D8C7CD62A779A97005D597E /* SalesSparrow.app */,
				6D8C7CEB2A779A9A005D597E /* SalesSparrowTests.xctest */,
				6D8C7CF52A779A9A005D597E /* SalesSparrowUITests.xctest */,
			);
			name = Products;
			sourceTree = "<group>";
		};
		6D8C7CD82A779A97005D597E /* SalesSparrow */ = {
			isa = PBXGroup;
			children = (
				4B393FE92A7A755100572F66 /* GoogleService-Info.plist */,
				6DBB50692A77A41600B58F88 /* SalesSparrow.entitlements */,
				6DBB50682A77A30500B58F88 /* Info.plist */,
				6D8C7CD92A779A97005D597E /* SalesSparrowApp.swift */,
			);
			path = SalesSparrow;
			sourceTree = "<group>";
		};
		6D8C7CEE2A779A9A005D597E /* SalesSparrowTests */ = {
			isa = PBXGroup;
			children = (
				6D8C7CEF2A779A9A005D597E /* SalesSparrowTests.swift */,
				6DBB50722A77A69100B58F88 /* BaseRepositortTests.swift */,
			);
			path = SalesSparrowTests;
			sourceTree = "<group>";
		};
		6D8C7CF82A779A9A005D597E /* SalesSparrowUITests */ = {
			isa = PBXGroup;
			children = (
				6D8C7CF92A779A9A005D597E /* SalesSparrowUITests.swift */,
				6D8C7CFB2A779A9A005D597E /* SalesSparrowUITestsLaunchTests.swift */,
			);
			path = SalesSparrowUITests;
			sourceTree = "<group>";
		};
		6D8C7D082A779C0A005D597E /* CoreData */ = {
			isa = PBXGroup;
			children = (
				6D8C7CE22A779A99005D597E /* Persistence.swift */,
				6D8C7CE42A779A99005D597E /* SalesSparrow.xcdatamodeld */,
			);
			path = CoreData;
			sourceTree = "<group>";
		};
		6D8C7D092A779CBB005D597E /* Constants */ = {
			isa = PBXGroup;
			children = (
				6D8C7D0A2A779CE0005D597E /* Environments_Sample.swift */,
				6D8C7D0C2A779D14005D597E /* Environments.swift */,
				6DD618B12A80E504007FA929 /* MockResponse.swift */,
			);
			path = Constants;
			sourceTree = "<group>";
		};
		6D8C7D102A779EBC005D597E /* ViewModel */ = {
			isa = PBXGroup;
			children = (
				6D8C7D112A779ECD005D597E /* ListViewModel.swift */,
				6D3E847F2A77E83E00E9FB83 /* LoginScreenViewModel.swift */,
				4B393FF32A7AAAF600572F66 /* AccountSearchViewModel.swift */,
				6DC43C532A7A8CF8002162FE /* UserStateViewModel.swift */,
				6DC43C592A7B8A68002162FE /* CreateNoteScreenViewModel.swift */,
				6DE11C8D2A836E5900D27006 /* ToastViewModel.swift */,
			);
			path = ViewModel;
			sourceTree = "<group>";
		};
		6D8C7D132A779EF3005D597E /* Components */ = {
			isa = PBXGroup;
			children = (
				6DE11C822A82839D00D27006 /* Toast */,
				4B393FEB2A7A88BE00572F66 /* HomeScreen */,
				6DBB50762A77AC1800B58F88 /* LoginScreen */,
				6D8C7D142A779EFB005D597E /* Common */,
			);
			path = Components;
			sourceTree = "<group>";
		};
		6D8C7D142A779EFB005D597E /* Common */ = {
			isa = PBXGroup;
			children = (
				6D8C7D152A779F0C005D597E /* ListView.swift */,
				6D8C7D172A779F37005D597E /* ListElementView.swift */,
				6D8C7D192A779F95005D597E /* ExpandableTextView.swift */,
				6D8C7D1B2A77A057005D597E /* DateTimePicker.swift */,
			);
			path = Common;
			sourceTree = "<group>";
		};
		6D8C7D1D2A77A06F005D597E /* Utils */ = {
			isa = PBXGroup;
			children = (
				6D8C7D1E2A77A07F005D597E /* BasicHelper.swift */,
				6D8C7D202A77A09F005D597E /* ColorExtension.swift */,
				6DC43C512A7A69E0002162FE /* DeviceSettingManager.swift */,
				6DE11C8B2A8361F000D27006 /* UIScreenExtension.swift */,
			);
			path = Utils;
			sourceTree = "<group>";
		};
		6D8C7D222A77A0B1005D597E /* Model */ = {
			isa = PBXGroup;
			children = (
				6D8C7D232A77A0BD005D597E /* Entities */,
				6D8C7D322A77A1E5005D597E /* ApiService.swift */,
				6D8C7D342A77A22F005D597E /* ApiHelper.swift */,
				6D8C7D372A77A254005D597E /* ApiError.swift */,
			);
			path = Model;
			sourceTree = "<group>";
		};
		6D8C7D232A77A0BD005D597E /* Entities */ = {
			isa = PBXGroup;
			children = (
				6D8C7D2D2A77A185005D597E /* Tasks */,
				6D8C7D242A77A0C9005D597E /* Repository */,
				6D8C7D252A77A0EE005D597E /* BaseEntity.swift */,
				6D8C7D272A77A111005D597E /* MetaEntity.swift */,
			);
			path = Entities;
			sourceTree = "<group>";
		};
		6D8C7D242A77A0C9005D597E /* Repository */ = {
			isa = PBXGroup;
			children = (
				6D8C7D292A77A12B005D597E /* BaseRepository.swift */,
				6D8C7D2B2A77A142005D597E /* TaskRepository.swift */,
			);
			path = Repository;
			sourceTree = "<group>";
		};
		6D8C7D2D2A77A185005D597E /* Tasks */ = {
			isa = PBXGroup;
			children = (
				6D8C7D2E2A77A196005D597E /* Tasks+CoreDataClass.swift */,
				6D8C7D302A77A1C5005D597E /* Tasks+CoreDataProperties.swift */,
			);
			path = Tasks;
			sourceTree = "<group>";
		};
		6DBB50762A77AC1800B58F88 /* LoginScreen */ = {
			isa = PBXGroup;
			children = (
				6DC43C4A2A78EC01002162FE /* TermsBottomStrip.swift */,
			);
			path = LoginScreen;
			sourceTree = "<group>";
		};
		6DBB50772A77C04200B58F88 /* Screen */ = {
			isa = PBXGroup;
			children = (
				6DBB50782A77C05800B58F88 /* LoginScreen.swift */,
				6DC43C552A7A909E002162FE /* CreateNoteScreen.swift */,
				6DC43C572A7B802D002162FE /* HomeScreen.swift */,
				01069F172A83641C0003F8F5 /* AccountDetailsScreen.swift */,
			);
			path = Screen;
			sourceTree = "<group>";
		};
		6DE11C822A82839D00D27006 /* Toast */ = {
			isa = PBXGroup;
			children = (
				6DE11C832A8283AE00D27006 /* Toast.swift */,
				6DE11C852A8283EF00D27006 /* ToastView.swift */,
				6DE11C872A82842100D27006 /* ToastModifier.swift */,
				6DE11C892A82845B00D27006 /* ViewExtension.swift */,
			);
			path = Toast;
			sourceTree = "<group>";
		};
		DD0CC12E1C80EEB530D405BD /* Frameworks */ = {
			isa = PBXGroup;
			children = (
				216D9F06D488828BC1022AFD /* Pods_SalesSparrow.framework */,
				6A561769BF628419998C917E /* Pods_SalesSparrow_SalesSparrowUITests.framework */,
				CCFD66DA5D9BD43B8402F504 /* Pods_SalesSparrowTests.framework */,
			);
			name = Frameworks;
			sourceTree = "<group>";
		};
/* End PBXGroup section */

/* Begin PBXNativeTarget section */
		6D8C7CD52A779A97005D597E /* SalesSparrow */ = {
			isa = PBXNativeTarget;
			buildConfigurationList = 6D8C7CFF2A779A9A005D597E /* Build configuration list for PBXNativeTarget "SalesSparrow" */;
			buildPhases = (
				8DE90EB4EA8984FABAC2AF78 /* [CP] Check Pods Manifest.lock */,
				6D8C7CD22A779A97005D597E /* Sources */,
				6D8C7CD32A779A97005D597E /* Frameworks */,
				6D8C7CD42A779A97005D597E /* Resources */,
			);
			buildRules = (
			);
			dependencies = (
			);
			name = SalesSparrow;
			packageProductDependencies = (
				6DC43C4F2A7A4B86002162FE /* FirebaseCrashlytics */,
			);
			productName = SalesSparrow;
			productReference = 6D8C7CD62A779A97005D597E /* SalesSparrow.app */;
			productType = "com.apple.product-type.application";
		};
		6D8C7CEA2A779A9A005D597E /* SalesSparrowTests */ = {
			isa = PBXNativeTarget;
			buildConfigurationList = 6D8C7D022A779A9A005D597E /* Build configuration list for PBXNativeTarget "SalesSparrowTests" */;
			buildPhases = (
				F1917FE59022B4E97CCF6CF8 /* [CP] Check Pods Manifest.lock */,
				6D8C7CE72A779A9A005D597E /* Sources */,
				6D8C7CE82A779A9A005D597E /* Frameworks */,
				6D8C7CE92A779A9A005D597E /* Resources */,
			);
			buildRules = (
			);
			dependencies = (
				6D8C7CED2A779A9A005D597E /* PBXTargetDependency */,
			);
			name = SalesSparrowTests;
			packageProductDependencies = (
				6DC332C62A7CE40400FD5767 /* FirebaseCrashlytics */,
			);
			productName = SalesSparrowTests;
			productReference = 6D8C7CEB2A779A9A005D597E /* SalesSparrowTests.xctest */;
			productType = "com.apple.product-type.bundle.unit-test";
		};
		6D8C7CF42A779A9A005D597E /* SalesSparrowUITests */ = {
			isa = PBXNativeTarget;
			buildConfigurationList = 6D8C7D052A779A9A005D597E /* Build configuration list for PBXNativeTarget "SalesSparrowUITests" */;
			buildPhases = (
				1BF7F22E3CB5ABA0EFF19672 /* [CP] Check Pods Manifest.lock */,
				6D8C7CF12A779A9A005D597E /* Sources */,
				6D8C7CF22A779A9A005D597E /* Frameworks */,
				6D8C7CF32A779A9A005D597E /* Resources */,
			);
			buildRules = (
			);
			dependencies = (
				6D8C7CF72A779A9A005D597E /* PBXTargetDependency */,
			);
			name = SalesSparrowUITests;
			packageProductDependencies = (
				6DC332C42A7CE3FA00FD5767 /* FirebaseCrashlytics */,
			);
			productName = SalesSparrowUITests;
			productReference = 6D8C7CF52A779A9A005D597E /* SalesSparrowUITests.xctest */;
			productType = "com.apple.product-type.bundle.ui-testing";
		};
/* End PBXNativeTarget section */

/* Begin PBXProject section */
		6D8C7CCE2A779A97005D597E /* Project object */ = {
			isa = PBXProject;
			attributes = {
				BuildIndependentTargetsInParallel = 1;
				LastSwiftUpdateCheck = 1430;
				LastUpgradeCheck = 1430;
				TargetAttributes = {
					6D8C7CD52A779A97005D597E = {
						CreatedOnToolsVersion = 14.3;
					};
					6D8C7CEA2A779A9A005D597E = {
						CreatedOnToolsVersion = 14.3;
						TestTargetID = 6D8C7CD52A779A97005D597E;
					};
					6D8C7CF42A779A9A005D597E = {
						CreatedOnToolsVersion = 14.3;
						TestTargetID = 6D8C7CD52A779A97005D597E;
					};
				};
			};
			buildConfigurationList = 6D8C7CD12A779A97005D597E /* Build configuration list for PBXProject "SalesSparrow" */;
			compatibilityVersion = "Xcode 14.0";
			developmentRegion = en;
			hasScannedForEncodings = 0;
			knownRegions = (
				en,
				Base,
			);
			mainGroup = 6D8C7CCD2A779A97005D597E;
			packageReferences = (
				6DC43C4E2A7A4B86002162FE /* XCRemoteSwiftPackageReference "firebase-ios-sdk" */,
			);
			productRefGroup = 6D8C7CD72A779A97005D597E /* Products */;
			projectDirPath = "";
			projectRoot = "";
			targets = (
				6D8C7CD52A779A97005D597E /* SalesSparrow */,
				6D8C7CEA2A779A9A005D597E /* SalesSparrowTests */,
				6D8C7CF42A779A9A005D597E /* SalesSparrowUITests */,
			);
		};
/* End PBXProject section */

/* Begin PBXResourcesBuildPhase section */
		6D8C7CD42A779A97005D597E /* Resources */ = {
			isa = PBXResourcesBuildPhase;
			buildActionMask = 2147483647;
			files = (
				6D2CB50C2A77CF570057C73F /* Nunito-MediumItalic.ttf in Resources */,
				6D2CB5102A77CF570057C73F /* Nunito-ExtraBoldItalic.ttf in Resources */,
				6DBB506B2A77A45F00B58F88 /* LICENSE in Resources */,
				6D2CB50B2A77CF570057C73F /* Nunito-ExtraLightItalic.ttf in Resources */,
				6D8C7CDE2A779A99005D597E /* Assets.xcassets in Resources */,
				6D2CB50F2A77CF570057C73F /* Nunito-Bold.ttf in Resources */,
				6D2CB5192A77CF570057C73F /* Nunito-Black.ttf in Resources */,
				6D2CB5182A77CF570057C73F /* Nunito-Regular.ttf in Resources */,
				6D2CB50E2A77CF570057C73F /* Nunito-SemiBoldItalic.ttf in Resources */,
				6D2CB5112A77CF570057C73F /* Nunito-LightItalic.ttf in Resources */,
				6D2CB5162A77CF570057C73F /* Nunito-SemiBold.ttf in Resources */,
				6D2CB5142A77CF570057C73F /* Nunito-Light.ttf in Resources */,
				6D2CB5152A77CF570057C73F /* Nunito-ExtraLight.ttf in Resources */,
				6D2CB5122A77CF570057C73F /* Nunito-Medium.ttf in Resources */,
				6DBB506F2A77A49400B58F88 /* CONTRIBUTING.md in Resources */,
				6DBB506D2A77A47200B58F88 /* CODE_OF_CONDUCT.md in Resources */,
				6D2CB50D2A77CF570057C73F /* Nunito-ExtraBold.ttf in Resources */,
				6D2CB5132A77CF570057C73F /* Nunito-BoldItalic.ttf in Resources */,
				6D2CB5172A77CF570057C73F /* Nunito-Italic.ttf in Resources */,
				4B393FEA2A7A755100572F66 /* GoogleService-Info.plist in Resources */,
				6D2CB51A2A77CF570057C73F /* Nunito-BlackItalic.ttf in Resources */,
			);
			runOnlyForDeploymentPostprocessing = 0;
		};
		6D8C7CE92A779A9A005D597E /* Resources */ = {
			isa = PBXResourcesBuildPhase;
			buildActionMask = 2147483647;
			files = (
			);
			runOnlyForDeploymentPostprocessing = 0;
		};
		6D8C7CF32A779A9A005D597E /* Resources */ = {
			isa = PBXResourcesBuildPhase;
			buildActionMask = 2147483647;
			files = (
			);
			runOnlyForDeploymentPostprocessing = 0;
		};
/* End PBXResourcesBuildPhase section */

/* Begin PBXShellScriptBuildPhase section */
		1BF7F22E3CB5ABA0EFF19672 /* [CP] Check Pods Manifest.lock */ = {
			isa = PBXShellScriptBuildPhase;
			buildActionMask = 2147483647;
			files = (
			);
			inputFileListPaths = (
			);
			inputPaths = (
				"${PODS_PODFILE_DIR_PATH}/Podfile.lock",
				"${PODS_ROOT}/Manifest.lock",
			);
			name = "[CP] Check Pods Manifest.lock";
			outputFileListPaths = (
			);
			outputPaths = (
				"$(DERIVED_FILE_DIR)/Pods-SalesSparrow-SalesSparrowUITests-checkManifestLockResult.txt",
			);
			runOnlyForDeploymentPostprocessing = 0;
			shellPath = /bin/sh;
			shellScript = "diff \"${PODS_PODFILE_DIR_PATH}/Podfile.lock\" \"${PODS_ROOT}/Manifest.lock\" > /dev/null\nif [ $? != 0 ] ; then\n    # print error to STDERR\n    echo \"error: The sandbox is not in sync with the Podfile.lock. Run 'pod install' or update your CocoaPods installation.\" >&2\n    exit 1\nfi\n# This output is used by Xcode 'outputs' to avoid re-running this script phase.\necho \"SUCCESS\" > \"${SCRIPT_OUTPUT_FILE_0}\"\n";
			showEnvVarsInLog = 0;
		};
		8DE90EB4EA8984FABAC2AF78 /* [CP] Check Pods Manifest.lock */ = {
			isa = PBXShellScriptBuildPhase;
			buildActionMask = 2147483647;
			files = (
			);
			inputFileListPaths = (
			);
			inputPaths = (
				"${PODS_PODFILE_DIR_PATH}/Podfile.lock",
				"${PODS_ROOT}/Manifest.lock",
			);
			name = "[CP] Check Pods Manifest.lock";
			outputFileListPaths = (
			);
			outputPaths = (
				"$(DERIVED_FILE_DIR)/Pods-SalesSparrow-checkManifestLockResult.txt",
			);
			runOnlyForDeploymentPostprocessing = 0;
			shellPath = /bin/sh;
			shellScript = "diff \"${PODS_PODFILE_DIR_PATH}/Podfile.lock\" \"${PODS_ROOT}/Manifest.lock\" > /dev/null\nif [ $? != 0 ] ; then\n    # print error to STDERR\n    echo \"error: The sandbox is not in sync with the Podfile.lock. Run 'pod install' or update your CocoaPods installation.\" >&2\n    exit 1\nfi\n# This output is used by Xcode 'outputs' to avoid re-running this script phase.\necho \"SUCCESS\" > \"${SCRIPT_OUTPUT_FILE_0}\"\n";
			showEnvVarsInLog = 0;
		};
		F1917FE59022B4E97CCF6CF8 /* [CP] Check Pods Manifest.lock */ = {
			isa = PBXShellScriptBuildPhase;
			buildActionMask = 2147483647;
			files = (
			);
			inputFileListPaths = (
			);
			inputPaths = (
				"${PODS_PODFILE_DIR_PATH}/Podfile.lock",
				"${PODS_ROOT}/Manifest.lock",
			);
			name = "[CP] Check Pods Manifest.lock";
			outputFileListPaths = (
			);
			outputPaths = (
				"$(DERIVED_FILE_DIR)/Pods-SalesSparrowTests-checkManifestLockResult.txt",
			);
			runOnlyForDeploymentPostprocessing = 0;
			shellPath = /bin/sh;
			shellScript = "diff \"${PODS_PODFILE_DIR_PATH}/Podfile.lock\" \"${PODS_ROOT}/Manifest.lock\" > /dev/null\nif [ $? != 0 ] ; then\n    # print error to STDERR\n    echo \"error: The sandbox is not in sync with the Podfile.lock. Run 'pod install' or update your CocoaPods installation.\" >&2\n    exit 1\nfi\n# This output is used by Xcode 'outputs' to avoid re-running this script phase.\necho \"SUCCESS\" > \"${SCRIPT_OUTPUT_FILE_0}\"\n";
			showEnvVarsInLog = 0;
		};
/* End PBXShellScriptBuildPhase section */

/* Begin PBXSourcesBuildPhase section */
		6D8C7CD22A779A97005D597E /* Sources */ = {
			isa = PBXSourcesBuildPhase;
			buildActionMask = 2147483647;
			files = (
				6D8C7CE32A779A99005D597E /* Persistence.swift in Sources */,
				4B583BDC2A7BE818005B97D0 /* AccountList.swift in Sources */,
				6DD618B22A80E504007FA929 /* MockResponse.swift in Sources */,
				6DE11C842A8283AE00D27006 /* Toast.swift in Sources */,
				6D8C7D262A77A0EE005D597E /* BaseEntity.swift in Sources */,
				6D8C7D312A77A1C5005D597E /* Tasks+CoreDataProperties.swift in Sources */,
				4B393FF42A7AAAF600572F66 /* AccountSearchViewModel.swift in Sources */,
				6DE11C8E2A836E5900D27006 /* ToastViewModel.swift in Sources */,
				6DE11C8C2A8361F000D27006 /* UIScreenExtension.swift in Sources */,
				6DE11C862A8283EF00D27006 /* ToastView.swift in Sources */,
				6DE11C882A82842100D27006 /* ToastModifier.swift in Sources */,
				6DC43C4B2A78EC01002162FE /* TermsBottomStrip.swift in Sources */,
				6D8C7CDC2A779A97005D597E /* ContentView.swift in Sources */,
				6D8C7D352A77A22F005D597E /* ApiHelper.swift in Sources */,
				4B583BD82A7BBEF2005B97D0 /* TopBar.swift in Sources */,
				6DBB507A2A77C58300B58F88 /* LoginScreen.swift in Sources */,
				6D8C7D382A77A254005D597E /* ApiError.swift in Sources */,
				6D8C7CDA2A779A97005D597E /* SalesSparrowApp.swift in Sources */,
				6D8C7D332A77A1E5005D597E /* ApiService.swift in Sources */,
				6D8C7D0D2A779D14005D597E /* Environments.swift in Sources */,
				6D8C7D0F2A779E97005D597E /* AppDelegate.swift in Sources */,
				6D8C7D2C2A77A142005D597E /* TaskRepository.swift in Sources */,
				6D8C7D212A77A09F005D597E /* ColorExtension.swift in Sources */,
				6D8C7D2A2A77A12B005D597E /* BaseRepository.swift in Sources */,
				6DC43C542A7A8CF8002162FE /* UserStateViewModel.swift in Sources */,
				6D8C7D182A779F37005D597E /* ListElementView.swift in Sources */,
				6D8C7D1C2A77A057005D597E /* DateTimePicker.swift in Sources */,
				4B583BDE2A7BEB11005B97D0 /* BottomBar.swift in Sources */,
				6D8C7D1F2A77A07F005D597E /* BasicHelper.swift in Sources */,
				6DC43C5A2A7B8A68002162FE /* CreateNoteScreenViewModel.swift in Sources */,
				6D8C7CE62A779A99005D597E /* SalesSparrow.xcdatamodeld in Sources */,
				6D3E84802A77E83E00E9FB83 /* LoginScreenViewModel.swift in Sources */,
				4B393FF22A7AAA2D00572F66 /* AccountSearch.swift in Sources */,
				6DC43C522A7A69E1002162FE /* DeviceSettingManager.swift in Sources */,
				6D8C7D122A779ECD005D597E /* ListViewModel.swift in Sources */,
				01069F182A83641C0003F8F5 /* AccountDetailsScreen.swift in Sources */,
				6D8C7D0B2A779CE0005D597E /* Environments_Sample.swift in Sources */,
				6DE11C8A2A82845B00D27006 /* ViewExtension.swift in Sources */,
				6D8C7D2F2A77A196005D597E /* Tasks+CoreDataClass.swift in Sources */,
				6DC43C562A7A909E002162FE /* CreateNoteScreen.swift in Sources */,
				6DC43C582A7B802D002162FE /* HomeScreen.swift in Sources */,
				6D8C7D1A2A779F95005D597E /* ExpandableTextView.swift in Sources */,
				6D8C7D162A779F0C005D597E /* ListView.swift in Sources */,
				6D8C7D282A77A111005D597E /* MetaEntity.swift in Sources */,
			);
			runOnlyForDeploymentPostprocessing = 0;
		};
		6D8C7CE72A779A9A005D597E /* Sources */ = {
			isa = PBXSourcesBuildPhase;
			buildActionMask = 2147483647;
			files = (
				6DD618B32A80E504007FA929 /* MockResponse.swift in Sources */,
				6DD618B52A80EB10007FA929 /* Environments.swift in Sources */,
				6D8C7CF02A779A9A005D597E /* SalesSparrowTests.swift in Sources */,
				6DBB50732A77A69100B58F88 /* BaseRepositortTests.swift in Sources */,
			);
			runOnlyForDeploymentPostprocessing = 0;
		};
		6D8C7CF12A779A9A005D597E /* Sources */ = {
			isa = PBXSourcesBuildPhase;
			buildActionMask = 2147483647;
			files = (
				6DD618B42A80E504007FA929 /* MockResponse.swift in Sources */,
				6DD618B62A80EB11007FA929 /* Environments.swift in Sources */,
				6D8C7CFC2A779A9A005D597E /* SalesSparrowUITestsLaunchTests.swift in Sources */,
				6D8C7CFA2A779A9A005D597E /* SalesSparrowUITests.swift in Sources */,
			);
			runOnlyForDeploymentPostprocessing = 0;
		};
/* End PBXSourcesBuildPhase section */

/* Begin PBXTargetDependency section */
		6D8C7CED2A779A9A005D597E /* PBXTargetDependency */ = {
			isa = PBXTargetDependency;
			target = 6D8C7CD52A779A97005D597E /* SalesSparrow */;
			targetProxy = 6D8C7CEC2A779A9A005D597E /* PBXContainerItemProxy */;
		};
		6D8C7CF72A779A9A005D597E /* PBXTargetDependency */ = {
			isa = PBXTargetDependency;
			target = 6D8C7CD52A779A97005D597E /* SalesSparrow */;
			targetProxy = 6D8C7CF62A779A9A005D597E /* PBXContainerItemProxy */;
		};
/* End PBXTargetDependency section */

/* Begin XCBuildConfiguration section */
		6D8C7CFD2A779A9A005D597E /* Debug */ = {
			isa = XCBuildConfiguration;
			buildSettings = {
				ALWAYS_SEARCH_USER_PATHS = NO;
				CLANG_ANALYZER_NONNULL = YES;
				CLANG_ANALYZER_NUMBER_OBJECT_CONVERSION = YES_AGGRESSIVE;
				CLANG_CXX_LANGUAGE_STANDARD = "gnu++20";
				CLANG_ENABLE_MODULES = YES;
				CLANG_ENABLE_OBJC_ARC = YES;
				CLANG_ENABLE_OBJC_WEAK = YES;
				CLANG_WARN_BLOCK_CAPTURE_AUTORELEASING = YES;
				CLANG_WARN_BOOL_CONVERSION = YES;
				CLANG_WARN_COMMA = YES;
				CLANG_WARN_CONSTANT_CONVERSION = YES;
				CLANG_WARN_DEPRECATED_OBJC_IMPLEMENTATIONS = YES;
				CLANG_WARN_DIRECT_OBJC_ISA_USAGE = YES_ERROR;
				CLANG_WARN_DOCUMENTATION_COMMENTS = YES;
				CLANG_WARN_EMPTY_BODY = YES;
				CLANG_WARN_ENUM_CONVERSION = YES;
				CLANG_WARN_INFINITE_RECURSION = YES;
				CLANG_WARN_INT_CONVERSION = YES;
				CLANG_WARN_NON_LITERAL_NULL_CONVERSION = YES;
				CLANG_WARN_OBJC_IMPLICIT_RETAIN_SELF = YES;
				CLANG_WARN_OBJC_LITERAL_CONVERSION = YES;
				CLANG_WARN_OBJC_ROOT_CLASS = YES_ERROR;
				CLANG_WARN_QUOTED_INCLUDE_IN_FRAMEWORK_HEADER = YES;
				CLANG_WARN_RANGE_LOOP_ANALYSIS = YES;
				CLANG_WARN_STRICT_PROTOTYPES = YES;
				CLANG_WARN_SUSPICIOUS_MOVE = YES;
				CLANG_WARN_UNGUARDED_AVAILABILITY = YES_AGGRESSIVE;
				CLANG_WARN_UNREACHABLE_CODE = YES;
				CLANG_WARN__DUPLICATE_METHOD_MATCH = YES;
				COPY_PHASE_STRIP = NO;
				DEBUG_INFORMATION_FORMAT = dwarf;
				ENABLE_STRICT_OBJC_MSGSEND = YES;
				ENABLE_TESTABILITY = YES;
				GCC_C_LANGUAGE_STANDARD = gnu11;
				GCC_DYNAMIC_NO_PIC = NO;
				GCC_NO_COMMON_BLOCKS = YES;
				GCC_OPTIMIZATION_LEVEL = 0;
				GCC_PREPROCESSOR_DEFINITIONS = (
					"DEBUG=1",
					"$(inherited)",
				);
				GCC_WARN_64_TO_32_BIT_CONVERSION = YES;
				GCC_WARN_ABOUT_RETURN_TYPE = YES_ERROR;
				GCC_WARN_UNDECLARED_SELECTOR = YES;
				GCC_WARN_UNINITIALIZED_AUTOS = YES_AGGRESSIVE;
				GCC_WARN_UNUSED_FUNCTION = YES;
				GCC_WARN_UNUSED_VARIABLE = YES;
				IPHONEOS_DEPLOYMENT_TARGET = 16.0;
				MTL_ENABLE_DEBUG_INFO = INCLUDE_SOURCE;
				MTL_FAST_MATH = YES;
				ONLY_ACTIVE_ARCH = YES;
				SDKROOT = iphoneos;
				SWIFT_ACTIVE_COMPILATION_CONDITIONS = DEBUG;
				SWIFT_OPTIMIZATION_LEVEL = "-Onone";
			};
			name = Debug;
		};
		6D8C7CFE2A779A9A005D597E /* Release */ = {
			isa = XCBuildConfiguration;
			buildSettings = {
				ALWAYS_SEARCH_USER_PATHS = NO;
				CLANG_ANALYZER_NONNULL = YES;
				CLANG_ANALYZER_NUMBER_OBJECT_CONVERSION = YES_AGGRESSIVE;
				CLANG_CXX_LANGUAGE_STANDARD = "gnu++20";
				CLANG_ENABLE_MODULES = YES;
				CLANG_ENABLE_OBJC_ARC = YES;
				CLANG_ENABLE_OBJC_WEAK = YES;
				CLANG_WARN_BLOCK_CAPTURE_AUTORELEASING = YES;
				CLANG_WARN_BOOL_CONVERSION = YES;
				CLANG_WARN_COMMA = YES;
				CLANG_WARN_CONSTANT_CONVERSION = YES;
				CLANG_WARN_DEPRECATED_OBJC_IMPLEMENTATIONS = YES;
				CLANG_WARN_DIRECT_OBJC_ISA_USAGE = YES_ERROR;
				CLANG_WARN_DOCUMENTATION_COMMENTS = YES;
				CLANG_WARN_EMPTY_BODY = YES;
				CLANG_WARN_ENUM_CONVERSION = YES;
				CLANG_WARN_INFINITE_RECURSION = YES;
				CLANG_WARN_INT_CONVERSION = YES;
				CLANG_WARN_NON_LITERAL_NULL_CONVERSION = YES;
				CLANG_WARN_OBJC_IMPLICIT_RETAIN_SELF = YES;
				CLANG_WARN_OBJC_LITERAL_CONVERSION = YES;
				CLANG_WARN_OBJC_ROOT_CLASS = YES_ERROR;
				CLANG_WARN_QUOTED_INCLUDE_IN_FRAMEWORK_HEADER = YES;
				CLANG_WARN_RANGE_LOOP_ANALYSIS = YES;
				CLANG_WARN_STRICT_PROTOTYPES = YES;
				CLANG_WARN_SUSPICIOUS_MOVE = YES;
				CLANG_WARN_UNGUARDED_AVAILABILITY = YES_AGGRESSIVE;
				CLANG_WARN_UNREACHABLE_CODE = YES;
				CLANG_WARN__DUPLICATE_METHOD_MATCH = YES;
				COPY_PHASE_STRIP = NO;
				DEBUG_INFORMATION_FORMAT = "dwarf-with-dsym";
				ENABLE_NS_ASSERTIONS = NO;
				ENABLE_STRICT_OBJC_MSGSEND = YES;
				GCC_C_LANGUAGE_STANDARD = gnu11;
				GCC_NO_COMMON_BLOCKS = YES;
				GCC_WARN_64_TO_32_BIT_CONVERSION = YES;
				GCC_WARN_ABOUT_RETURN_TYPE = YES_ERROR;
				GCC_WARN_UNDECLARED_SELECTOR = YES;
				GCC_WARN_UNINITIALIZED_AUTOS = YES_AGGRESSIVE;
				GCC_WARN_UNUSED_FUNCTION = YES;
				GCC_WARN_UNUSED_VARIABLE = YES;
				IPHONEOS_DEPLOYMENT_TARGET = 16.0;
				MTL_ENABLE_DEBUG_INFO = NO;
				MTL_FAST_MATH = YES;
				SDKROOT = iphoneos;
				SWIFT_COMPILATION_MODE = wholemodule;
				SWIFT_OPTIMIZATION_LEVEL = "-O";
				VALIDATE_PRODUCT = YES;
			};
			name = Release;
		};
		6D8C7D002A779A9A005D597E /* Debug */ = {
			isa = XCBuildConfiguration;
			baseConfigurationReference = AD2704B5DE5C503B42A9F4E3 /* Pods-SalesSparrow.debug.xcconfig */;
			buildSettings = {
				ASSETCATALOG_COMPILER_APPICON_NAME = AppIcon;
				ASSETCATALOG_COMPILER_GLOBAL_ACCENT_COLOR_NAME = AccentColor;
				CODE_SIGN_ENTITLEMENTS = SalesSparrow/SalesSparrow.entitlements;
				CODE_SIGN_STYLE = Automatic;
				CURRENT_PROJECT_VERSION = 1;
				DEVELOPMENT_ASSET_PATHS = "";
				DEVELOPMENT_TEAM = 98TLCMN66P;
				ENABLE_PREVIEWS = YES;
				GENERATE_INFOPLIST_FILE = YES;
				INFOPLIST_FILE = SalesSparrow/Info.plist;
				INFOPLIST_KEY_UIApplicationSceneManifest_Generation = YES;
				INFOPLIST_KEY_UIApplicationSupportsIndirectInputEvents = YES;
				INFOPLIST_KEY_UISupportedInterfaceOrientations = UIInterfaceOrientationPortrait;
				INFOPLIST_KEY_UISupportedInterfaceOrientations_iPad = "UIInterfaceOrientationLandscapeLeft UIInterfaceOrientationLandscapeRight UIInterfaceOrientationPortrait UIInterfaceOrientationPortraitUpsideDown";
				IPHONEOS_DEPLOYMENT_TARGET = 16.0;
				LD_RUNPATH_SEARCH_PATHS = (
					"$(inherited)",
					"@executable_path/Frameworks",
				);
				MARKETING_VERSION = 1.0.0;
				PRODUCT_BUNDLE_IDENTIFIER = com.truesparrowsystemspvtltd.SalesSparrow;
				PRODUCT_NAME = "$(TARGET_NAME)";
				SWIFT_EMIT_LOC_STRINGS = YES;
				SWIFT_VERSION = 5.0;
				TARGETED_DEVICE_FAMILY = "1,2";
			};
			name = Debug;
		};
		6D8C7D012A779A9A005D597E /* Release */ = {
			isa = XCBuildConfiguration;
			baseConfigurationReference = 2B4F1FDE360243CED55CFB69 /* Pods-SalesSparrow.release.xcconfig */;
			buildSettings = {
				ASSETCATALOG_COMPILER_APPICON_NAME = AppIcon;
				ASSETCATALOG_COMPILER_GLOBAL_ACCENT_COLOR_NAME = AccentColor;
				CODE_SIGN_ENTITLEMENTS = SalesSparrow/SalesSparrow.entitlements;
				CODE_SIGN_STYLE = Automatic;
				CURRENT_PROJECT_VERSION = 1;
				DEVELOPMENT_ASSET_PATHS = "";
				DEVELOPMENT_TEAM = 98TLCMN66P;
				ENABLE_PREVIEWS = YES;
				GENERATE_INFOPLIST_FILE = YES;
				INFOPLIST_FILE = SalesSparrow/Info.plist;
				INFOPLIST_KEY_UIApplicationSceneManifest_Generation = YES;
				INFOPLIST_KEY_UIApplicationSupportsIndirectInputEvents = YES;
				INFOPLIST_KEY_UISupportedInterfaceOrientations = UIInterfaceOrientationPortrait;
				INFOPLIST_KEY_UISupportedInterfaceOrientations_iPad = "UIInterfaceOrientationLandscapeLeft UIInterfaceOrientationLandscapeRight UIInterfaceOrientationPortrait UIInterfaceOrientationPortraitUpsideDown";
				IPHONEOS_DEPLOYMENT_TARGET = 16.0;
				LD_RUNPATH_SEARCH_PATHS = (
					"$(inherited)",
					"@executable_path/Frameworks",
				);
				MARKETING_VERSION = 1.0.0;
				PRODUCT_BUNDLE_IDENTIFIER = com.truesparrowsystemspvtltd.SalesSparrow;
				PRODUCT_NAME = "$(TARGET_NAME)";
				SWIFT_EMIT_LOC_STRINGS = YES;
				SWIFT_VERSION = 5.0;
				TARGETED_DEVICE_FAMILY = "1,2";
			};
			name = Release;
		};
		6D8C7D032A779A9A005D597E /* Debug */ = {
			isa = XCBuildConfiguration;
			baseConfigurationReference = 11C28B9A7C622812E3FDFC07 /* Pods-SalesSparrowTests.debug.xcconfig */;
			buildSettings = {
				ALWAYS_EMBED_SWIFT_STANDARD_LIBRARIES = YES;
				BUNDLE_LOADER = "$(TEST_HOST)";
				CODE_SIGN_STYLE = Automatic;
				CURRENT_PROJECT_VERSION = 1;
				DEVELOPMENT_TEAM = 98TLCMN66P;
				GENERATE_INFOPLIST_FILE = YES;
				IPHONEOS_DEPLOYMENT_TARGET = 16.0;
				MARKETING_VERSION = 1.0;
				PRODUCT_BUNDLE_IDENTIFIER = com.truesparrowsystemspvtltd.SalesSparrowTests;
				PRODUCT_NAME = "$(TARGET_NAME)";
				SWIFT_EMIT_LOC_STRINGS = NO;
				SWIFT_VERSION = 5.0;
				TARGETED_DEVICE_FAMILY = "1,2";
				TEST_HOST = "$(BUILT_PRODUCTS_DIR)/SalesSparrow.app/$(BUNDLE_EXECUTABLE_FOLDER_PATH)/SalesSparrow";
			};
			name = Debug;
		};
		6D8C7D042A779A9A005D597E /* Release */ = {
			isa = XCBuildConfiguration;
			baseConfigurationReference = 884DE3337F29F734C43B6ED4 /* Pods-SalesSparrowTests.release.xcconfig */;
			buildSettings = {
				ALWAYS_EMBED_SWIFT_STANDARD_LIBRARIES = YES;
				BUNDLE_LOADER = "$(TEST_HOST)";
				CODE_SIGN_STYLE = Automatic;
				CURRENT_PROJECT_VERSION = 1;
				DEVELOPMENT_TEAM = 98TLCMN66P;
				GENERATE_INFOPLIST_FILE = YES;
				IPHONEOS_DEPLOYMENT_TARGET = 16.0;
				MARKETING_VERSION = 1.0;
				PRODUCT_BUNDLE_IDENTIFIER = com.truesparrowsystemspvtltd.SalesSparrowTests;
				PRODUCT_NAME = "$(TARGET_NAME)";
				SWIFT_EMIT_LOC_STRINGS = NO;
				SWIFT_VERSION = 5.0;
				TARGETED_DEVICE_FAMILY = "1,2";
				TEST_HOST = "$(BUILT_PRODUCTS_DIR)/SalesSparrow.app/$(BUNDLE_EXECUTABLE_FOLDER_PATH)/SalesSparrow";
			};
			name = Release;
		};
		6D8C7D062A779A9A005D597E /* Debug */ = {
			isa = XCBuildConfiguration;
			baseConfigurationReference = 53DA3CE34E5D5B9A7563E443 /* Pods-SalesSparrow-SalesSparrowUITests.debug.xcconfig */;
			buildSettings = {
				ALWAYS_EMBED_SWIFT_STANDARD_LIBRARIES = YES;
				CODE_SIGN_STYLE = Automatic;
				CURRENT_PROJECT_VERSION = 1;
				DEVELOPMENT_TEAM = 98TLCMN66P;
				GENERATE_INFOPLIST_FILE = YES;
				IPHONEOS_DEPLOYMENT_TARGET = 16.0;
				MARKETING_VERSION = 1.0;
				PRODUCT_BUNDLE_IDENTIFIER = com.truesparrowsystemspvtltd.SalesSparrowUITests;
				PRODUCT_NAME = "$(TARGET_NAME)";
				SWIFT_EMIT_LOC_STRINGS = NO;
				SWIFT_VERSION = 5.0;
				TARGETED_DEVICE_FAMILY = "1,2";
				TEST_TARGET_NAME = SalesSparrow;
			};
			name = Debug;
		};
		6D8C7D072A779A9A005D597E /* Release */ = {
			isa = XCBuildConfiguration;
			baseConfigurationReference = D89257A2A4E11A7F0C6785D9 /* Pods-SalesSparrow-SalesSparrowUITests.release.xcconfig */;
			buildSettings = {
				ALWAYS_EMBED_SWIFT_STANDARD_LIBRARIES = YES;
				CODE_SIGN_STYLE = Automatic;
				CURRENT_PROJECT_VERSION = 1;
				DEVELOPMENT_TEAM = 98TLCMN66P;
				GENERATE_INFOPLIST_FILE = YES;
				IPHONEOS_DEPLOYMENT_TARGET = 16.0;
				MARKETING_VERSION = 1.0;
				PRODUCT_BUNDLE_IDENTIFIER = com.truesparrowsystemspvtltd.SalesSparrowUITests;
				PRODUCT_NAME = "$(TARGET_NAME)";
				SWIFT_EMIT_LOC_STRINGS = NO;
				SWIFT_VERSION = 5.0;
				TARGETED_DEVICE_FAMILY = "1,2";
				TEST_TARGET_NAME = SalesSparrow;
			};
			name = Release;
		};
/* End XCBuildConfiguration section */

/* Begin XCConfigurationList section */
		6D8C7CD12A779A97005D597E /* Build configuration list for PBXProject "SalesSparrow" */ = {
			isa = XCConfigurationList;
			buildConfigurations = (
				6D8C7CFD2A779A9A005D597E /* Debug */,
				6D8C7CFE2A779A9A005D597E /* Release */,
			);
			defaultConfigurationIsVisible = 0;
			defaultConfigurationName = Release;
		};
		6D8C7CFF2A779A9A005D597E /* Build configuration list for PBXNativeTarget "SalesSparrow" */ = {
			isa = XCConfigurationList;
			buildConfigurations = (
				6D8C7D002A779A9A005D597E /* Debug */,
				6D8C7D012A779A9A005D597E /* Release */,
			);
			defaultConfigurationIsVisible = 0;
			defaultConfigurationName = Release;
		};
		6D8C7D022A779A9A005D597E /* Build configuration list for PBXNativeTarget "SalesSparrowTests" */ = {
			isa = XCConfigurationList;
			buildConfigurations = (
				6D8C7D032A779A9A005D597E /* Debug */,
				6D8C7D042A779A9A005D597E /* Release */,
			);
			defaultConfigurationIsVisible = 0;
			defaultConfigurationName = Release;
		};
		6D8C7D052A779A9A005D597E /* Build configuration list for PBXNativeTarget "SalesSparrowUITests" */ = {
			isa = XCConfigurationList;
			buildConfigurations = (
				6D8C7D062A779A9A005D597E /* Debug */,
				6D8C7D072A779A9A005D597E /* Release */,
			);
			defaultConfigurationIsVisible = 0;
			defaultConfigurationName = Release;
		};
/* End XCConfigurationList section */

/* Begin XCRemoteSwiftPackageReference section */
		6DC43C4E2A7A4B86002162FE /* XCRemoteSwiftPackageReference "firebase-ios-sdk" */ = {
			isa = XCRemoteSwiftPackageReference;
			repositoryURL = "https://github.com/firebase/firebase-ios-sdk";
			requirement = {
				kind = exactVersion;
				version = 10.13.0;
			};
		};
/* End XCRemoteSwiftPackageReference section */

/* Begin XCSwiftPackageProductDependency section */
		6DC332C42A7CE3FA00FD5767 /* FirebaseCrashlytics */ = {
			isa = XCSwiftPackageProductDependency;
			package = 6DC43C4E2A7A4B86002162FE /* XCRemoteSwiftPackageReference "firebase-ios-sdk" */;
			productName = FirebaseCrashlytics;
		};
		6DC332C62A7CE40400FD5767 /* FirebaseCrashlytics */ = {
			isa = XCSwiftPackageProductDependency;
			package = 6DC43C4E2A7A4B86002162FE /* XCRemoteSwiftPackageReference "firebase-ios-sdk" */;
			productName = FirebaseCrashlytics;
		};
		6DC43C4F2A7A4B86002162FE /* FirebaseCrashlytics */ = {
			isa = XCSwiftPackageProductDependency;
			package = 6DC43C4E2A7A4B86002162FE /* XCRemoteSwiftPackageReference "firebase-ios-sdk" */;
			productName = FirebaseCrashlytics;
		};
/* End XCSwiftPackageProductDependency section */

/* Begin XCVersionGroup section */
		6D8C7CE42A779A99005D597E /* SalesSparrow.xcdatamodeld */ = {
			isa = XCVersionGroup;
			children = (
				6D8C7CE52A779A99005D597E /* SalesSparrow.xcdatamodel */,
			);
			currentVersion = 6D8C7CE52A779A99005D597E /* SalesSparrow.xcdatamodel */;
			path = SalesSparrow.xcdatamodeld;
			sourceTree = "<group>";
			versionGroupType = wrapper.xcdatamodel;
		};
/* End XCVersionGroup section */
	};
	rootObject = 6D8C7CCE2A779A97005D597E /* Project object */;
}
